
Microsoft Visual Studio Solution File, Format Version 12.00
# Visual Studio Version 17
VisualStudioVersion = 17.0.32014.148
MinimumVisualStudioVersion = 10.0.40219.1
Project("{FAE04EC0-301F-11D3-BF4B-00C04F79EFBC}") = "4KSJSign", "4KSJSign\4KSJSign.csproj", "{2AA21D9C-6ACB-4B6E-8986-F6608863B4F7}"
EndProject
Global
	GlobalSection(SolutionConfigurationPlatforms) = preSolution
		Debug|Any CPU = Debug|Any CPU
		Release|Any CPU = Release|Any CPU
	EndGlobalSection
	GlobalSection(ProjectConfigurationPlatforms) = postSolution
		{2AA21D9C-6ACB-4B6E-8986-F6608863B4F7}.Debug|Any CPU.ActiveCfg = Debug|Any CPU
		{2AA21D9C-6ACB-4B6E-8986-F6608863B4F7}.Debug|Any CPU.Build.0 = Debug|Any CPU
		{2AA21D9C-6ACB-4B6E-8986-F6608863B4F7}.Release|Any CPU.ActiveCfg = Release|Any CPU
		{2AA21D9C-6ACB-4B6E-8986-F6608863B4F7}.Release|Any CPU.Build.0 = Release|Any CPU
	EndGlobalSection
	GlobalSection(SolutionProperties) = preSolution
		HideSolutionNode = FALSE
	EndGlobalSection
	GlobalSection(ExtensibilityGlobals) = postSolution
		SolutionGuid = {313057DB-A29F-4934-A679-CE54B18BC34B}
	EndGlobalSection
EndGlobal
